
Microsoft Visual Studio Solution File, Format Version 11.00
# Visual Studio 2010
Project("{FAE04EC0-301F-11D3-BF4B-00C04F79EFBC}") = "Assembly-CSharp", "Assembly-CSharp.csproj", "{fbc7d502-45ba-5749-d60a-41451e88d98f}"
EndProject
Project("{FAE04EC0-301F-11D3-BF4B-00C04F79EFBC}") = "Assembly-CSharp-Editor", "Assembly-CSharp-Editor.csproj", "{e080177a-662c-ebea-551b-9e09a28f71eb}"
EndProject
Global
	GlobalSection(SolutionConfigurationPlatforms) = preSolution
		Debug|Any CPU = Debug|Any CPU
	EndGlobalSection
	GlobalSection(ProjectConfigurationPlatforms) = postSolution
		{fbc7d502-45ba-5749-d60a-41451e88d98f}.Debug|Any CPU.ActiveCfg = Debug|Any CPU
		{fbc7d502-45ba-5749-d60a-41451e88d98f}.Debug|Any CPU.Build.0 = Debug|Any CPU
		{e080177a-662c-ebea-551b-9e09a28f71eb}.Debug|Any CPU.ActiveCfg = Debug|Any CPU
		{e080177a-662c-ebea-551b-9e09a28f71eb}.Debug|Any CPU.Build.0 = Debug|Any CPU
	EndGlobalSection
	GlobalSection(SolutionProperties) = preSolution
		HideSolutionNode = FALSE
	EndGlobalSection
EndGlobal
